
Microsoft Visual Studio Solution File, Format Version 12.00
# Visual Studio 14
VisualStudioVersion = 14.0.25420.1
MinimumVisualStudioVersion = 10.0.40219.1
Project("{FAE04EC0-301F-11D3-BF4B-00C04F79EFBC}") = "DataAccess", "DataAccess\DataAccess.csproj", "{01BCD07D-DF63-416E-8FD5-DA4F04A95FDE}"
EndProject
Project("{FAE04EC0-301F-11D3-BF4B-00C04F79EFBC}") = "BusinessLogic", "BusinessLogic\BusinessLogic.csproj", "{E3C15B05-5C65-4D05-A8D6-6295D3F7FCC0}"
EndProject
Project("{00D1A9C2-B5F0-4AF3-8072-F6C62B433612}") = "Database", "Database\Database.sqlproj", "{3E35BEA9-6A00-4F45-9036-88C336A083B9}"
EndProject
Project("{FAE04EC0-301F-11D3-BF4B-00C04F79EFBC}") = "Contracts", "Contracts\Contracts.csproj", "{77D06A64-BD57-4F67-AE56-F788FF2656CD}"
EndProject
Project("{FAE04EC0-301F-11D3-BF4B-00C04F79EFBC}") = "API", "LicentaHighLevelApi\API.csproj", "{20EC0410-FF2F-4EBF-8807-128B489B745E}"
EndProject
Global
	GlobalSection(SolutionConfigurationPlatforms) = preSolution
		Debug|Any CPU = Debug|Any CPU
		Release|Any CPU = Release|Any CPU
	EndGlobalSection
	GlobalSection(ProjectConfigurationPlatforms) = postSolution
		{01BCD07D-DF63-416E-8FD5-DA4F04A95FDE}.Debug|Any CPU.ActiveCfg = Debug|Any CPU
		{01BCD07D-DF63-416E-8FD5-DA4F04A95FDE}.Debug|Any CPU.Build.0 = Debug|Any CPU
		{01BCD07D-DF63-416E-8FD5-DA4F04A95FDE}.Release|Any CPU.ActiveCfg = Release|Any CPU
		{01BCD07D-DF63-416E-8FD5-DA4F04A95FDE}.Release|Any CPU.Build.0 = Release|Any CPU
		{E3C15B05-5C65-4D05-A8D6-6295D3F7FCC0}.Debug|Any CPU.ActiveCfg = Debug|Any CPU
		{E3C15B05-5C65-4D05-A8D6-6295D3F7FCC0}.Debug|Any CPU.Build.0 = Debug|Any CPU
		{E3C15B05-5C65-4D05-A8D6-6295D3F7FCC0}.Release|Any CPU.ActiveCfg = Release|Any CPU
		{E3C15B05-5C65-4D05-A8D6-6295D3F7FCC0}.Release|Any CPU.Build.0 = Release|Any CPU
		{3E35BEA9-6A00-4F45-9036-88C336A083B9}.Debug|Any CPU.ActiveCfg = Debug|Any CPU
		{3E35BEA9-6A00-4F45-9036-88C336A083B9}.Debug|Any CPU.Build.0 = Debug|Any CPU
		{3E35BEA9-6A00-4F45-9036-88C336A083B9}.Debug|Any CPU.Deploy.0 = Debug|Any CPU
		{3E35BEA9-6A00-4F45-9036-88C336A083B9}.Release|Any CPU.ActiveCfg = Release|Any CPU
		{3E35BEA9-6A00-4F45-9036-88C336A083B9}.Release|Any CPU.Build.0 = Release|Any CPU
		{3E35BEA9-6A00-4F45-9036-88C336A083B9}.Release|Any CPU.Deploy.0 = Release|Any CPU
		{77D06A64-BD57-4F67-AE56-F788FF2656CD}.Debug|Any CPU.ActiveCfg = Debug|Any CPU
		{77D06A64-BD57-4F67-AE56-F788FF2656CD}.Debug|Any CPU.Build.0 = Debug|Any CPU
		{77D06A64-BD57-4F67-AE56-F788FF2656CD}.Release|Any CPU.ActiveCfg = Release|Any CPU
		{77D06A64-BD57-4F67-AE56-F788FF2656CD}.Release|Any CPU.Build.0 = Release|Any CPU
		{20EC0410-FF2F-4EBF-8807-128B489B745E}.Debug|Any CPU.ActiveCfg = Debug|Any CPU
		{20EC0410-FF2F-4EBF-8807-128B489B745E}.Debug|Any CPU.Build.0 = Debug|Any CPU
		{20EC0410-FF2F-4EBF-8807-128B489B745E}.Release|Any CPU.ActiveCfg = Release|Any CPU
		{20EC0410-FF2F-4EBF-8807-128B489B745E}.Release|Any CPU.Build.0 = Release|Any CPU
	EndGlobalSection
	GlobalSection(SolutionProperties) = preSolution
		HideSolutionNode = FALSE
	EndGlobalSection
EndGlobal
