
Microsoft Visual Studio Solution File, Format Version 12.00
# Visual Studio 14
VisualStudioVersion = 14.0.25420.1
MinimumVisualStudioVersion = 10.0.40219.1
Project("{FAE04EC0-301F-11D3-BF4B-00C04F79EFBC}") = "Licenta.HighLevelApi", "LicentaHighLevelApi\Licenta.HighLevelApi.csproj", "{20EC0410-FF2F-4EBF-8807-128B489B745E}"
EndProject
Project("{FAE04EC0-301F-11D3-BF4B-00C04F79EFBC}") = "SPA", "SPA\SPA.csproj", "{3AF99004-BCD8-450B-ADF5-40BA4FD0B169}"
EndProject
Project("{FAE04EC0-301F-11D3-BF4B-00C04F79EFBC}") = "Licenta.Messaging", "Licenta.Messaging\Licenta.Messaging.csproj", "{81967D1C-97A5-441A-BC94-C669A05C1AA8}"
EndProject
Project("{FAE04EC0-301F-11D3-BF4B-00C04F79EFBC}") = "Licenta.Product", "Licenta.Products\Licenta.Product.csproj", "{808344C6-29E7-4795-A83E-DE77EE8CA2B6}"
EndProject
Project("{00D1A9C2-B5F0-4AF3-8072-F6C62B433612}") = "Licenta.Product.Database", "Licenta.Products.Database\Licenta.Product.Database.sqlproj", "{54E467C2-BD60-43DE-8D71-72BF8A6600D9}"
EndProject
Project("{00D1A9C2-B5F0-4AF3-8072-F6C62B433612}") = "Licenta.ProductView.Database", "Licenta.ProductView.Database\Licenta.ProductView.Database.sqlproj", "{2D25D520-C7D8-4752-A2CA-F8562272D85D}"
EndProject
Project("{2150E333-8FDC-42A3-9474-1A3956D46DE8}") = "Product", "Product", "{9CDF7209-A848-45DF-A56A-D24F02B811A7}"
EndProject
Project("{2150E333-8FDC-42A3-9474-1A3956D46DE8}") = "ProductView", "ProductView", "{5D3E87FE-7E92-4ECE-B081-28BAA35C9570}"
EndProject
Project("{FAE04EC0-301F-11D3-BF4B-00C04F79EFBC}") = "Licenta.ProductView.API", "Licenta.ProductView.API\Licenta.ProductView.API.csproj", "{484DFDDC-356D-4F2E-931B-5C49A83B522E}"
EndProject
Project("{FAE04EC0-301F-11D3-BF4B-00C04F79EFBC}") = "Licenta.ProductView", "Licenta.ProductView\Licenta.ProductView.csproj", "{072916DD-827C-4C4C-848F-3194A9C3BA81}"
EndProject
Project("{FAE04EC0-301F-11D3-BF4B-00C04F79EFBC}") = "Licenta.ProductView.EntityFramework", "Licenta.ProductView.EntityFramework\Licenta.ProductView.EntityFramework.csproj", "{77239C2A-089F-48E9-8E23-376B52B19A91}"
EndProject
Project("{FAE04EC0-301F-11D3-BF4B-00C04F79EFBC}") = "Licenta.ViewContracts", "Licenta.ViewContracts\Licenta.ViewContracts.csproj", "{59AF24EE-AF28-4982-A370-07E2CF93599A}"
EndProject
Project("{2150E333-8FDC-42A3-9474-1A3956D46DE8}") = "Sales", "Sales", "{8F14F5D5-F43F-4981-8331-D8766A106AC4}"
EndProject
Project("{FAE04EC0-301F-11D3-BF4B-00C04F79EFBC}") = "Licenta.Sales", "Licenta.Sales\Licenta.Sales.csproj", "{C35FDAC3-722D-4399-BF08-1C0128456E11}"
EndProject
Project("{2150E333-8FDC-42A3-9474-1A3956D46DE8}") = "Review", "Review", "{4836A2DB-9766-4D1D-AE04-00EDAAAD6E3C}"
EndProject
Project("{FAE04EC0-301F-11D3-BF4B-00C04F79EFBC}") = "Licenta.Review", "Licenta.Review\Licenta.Review.csproj", "{10A2C989-8A5A-4D88-8A53-15A6B336FB0F}"
EndProject
Project("{2150E333-8FDC-42A3-9474-1A3956D46DE8}") = "Inventory", "Inventory", "{4405263C-9447-45D1-ADEF-D428665F6647}"
EndProject
Project("{FAE04EC0-301F-11D3-BF4B-00C04F79EFBC}") = "Licenta.Inventory", "Licenta.Inventory\Licenta.Inventory.csproj", "{2053C42A-4CB7-44E8-9310-20F0577231D7}"
EndProject
Project("{FAE04EC0-301F-11D3-BF4B-00C04F79EFBC}") = "Licenta.Review.API", "Licenta.Review.API\Licenta.Review.API.csproj", "{EFC5F017-55BC-44F1-8307-5E4F69D62F4F}"
EndProject
Project("{FAE04EC0-301F-11D3-BF4B-00C04F79EFBC}") = "Licenta.Review.EntityFramework", "Licenta.Review.EntityFramework\Licenta.Review.EntityFramework.csproj", "{8D1C6005-9EE0-4B04-976D-CC29660BBFD7}"
EndProject
Project("{00D1A9C2-B5F0-4AF3-8072-F6C62B433612}") = "Licenta.Inventory.Database", "Licenta.Inventory.Database\Licenta.Inventory.Database.sqlproj", "{4242B977-E20F-45DE-8988-6A426BBC6D44}"
EndProject
Project("{00D1A9C2-B5F0-4AF3-8072-F6C62B433612}") = "Licenta.Review.Database", "Licenta.Review.Database\Licenta.Review.Database.sqlproj", "{996C213F-5E54-4B12-973F-324A36F9E09C}"
EndProject
Project("{00D1A9C2-B5F0-4AF3-8072-F6C62B433612}") = "Licenta.Sales.Database", "Licenta.Sales.Database\Licenta.Sales.Database.sqlproj", "{7AAA4A3A-4325-422F-B53F-7C2B0838507A}"
EndProject
Global
	GlobalSection(SolutionConfigurationPlatforms) = preSolution
		Debug|Any CPU = Debug|Any CPU
		Release|Any CPU = Release|Any CPU
	EndGlobalSection
	GlobalSection(ProjectConfigurationPlatforms) = postSolution
		{20EC0410-FF2F-4EBF-8807-128B489B745E}.Debug|Any CPU.ActiveCfg = Debug|Any CPU
		{20EC0410-FF2F-4EBF-8807-128B489B745E}.Debug|Any CPU.Build.0 = Debug|Any CPU
		{20EC0410-FF2F-4EBF-8807-128B489B745E}.Release|Any CPU.ActiveCfg = Release|Any CPU
		{20EC0410-FF2F-4EBF-8807-128B489B745E}.Release|Any CPU.Build.0 = Release|Any CPU
		{3AF99004-BCD8-450B-ADF5-40BA4FD0B169}.Debug|Any CPU.ActiveCfg = Debug|Any CPU
		{3AF99004-BCD8-450B-ADF5-40BA4FD0B169}.Release|Any CPU.ActiveCfg = Release|Any CPU
		{81967D1C-97A5-441A-BC94-C669A05C1AA8}.Debug|Any CPU.ActiveCfg = Debug|Any CPU
		{81967D1C-97A5-441A-BC94-C669A05C1AA8}.Debug|Any CPU.Build.0 = Debug|Any CPU
		{81967D1C-97A5-441A-BC94-C669A05C1AA8}.Release|Any CPU.ActiveCfg = Release|Any CPU
		{81967D1C-97A5-441A-BC94-C669A05C1AA8}.Release|Any CPU.Build.0 = Release|Any CPU
		{808344C6-29E7-4795-A83E-DE77EE8CA2B6}.Debug|Any CPU.ActiveCfg = Debug|Any CPU
		{808344C6-29E7-4795-A83E-DE77EE8CA2B6}.Debug|Any CPU.Build.0 = Debug|Any CPU
		{808344C6-29E7-4795-A83E-DE77EE8CA2B6}.Release|Any CPU.ActiveCfg = Release|Any CPU
		{808344C6-29E7-4795-A83E-DE77EE8CA2B6}.Release|Any CPU.Build.0 = Release|Any CPU
		{54E467C2-BD60-43DE-8D71-72BF8A6600D9}.Debug|Any CPU.ActiveCfg = Debug|Any CPU
		{54E467C2-BD60-43DE-8D71-72BF8A6600D9}.Debug|Any CPU.Build.0 = Debug|Any CPU
		{54E467C2-BD60-43DE-8D71-72BF8A6600D9}.Debug|Any CPU.Deploy.0 = Debug|Any CPU
		{54E467C2-BD60-43DE-8D71-72BF8A6600D9}.Release|Any CPU.ActiveCfg = Release|Any CPU
		{54E467C2-BD60-43DE-8D71-72BF8A6600D9}.Release|Any CPU.Build.0 = Release|Any CPU
		{54E467C2-BD60-43DE-8D71-72BF8A6600D9}.Release|Any CPU.Deploy.0 = Release|Any CPU
		{2D25D520-C7D8-4752-A2CA-F8562272D85D}.Debug|Any CPU.ActiveCfg = Debug|Any CPU
		{2D25D520-C7D8-4752-A2CA-F8562272D85D}.Debug|Any CPU.Build.0 = Debug|Any CPU
		{2D25D520-C7D8-4752-A2CA-F8562272D85D}.Debug|Any CPU.Deploy.0 = Debug|Any CPU
		{2D25D520-C7D8-4752-A2CA-F8562272D85D}.Release|Any CPU.ActiveCfg = Release|Any CPU
		{2D25D520-C7D8-4752-A2CA-F8562272D85D}.Release|Any CPU.Build.0 = Release|Any CPU
		{2D25D520-C7D8-4752-A2CA-F8562272D85D}.Release|Any CPU.Deploy.0 = Release|Any CPU
		{484DFDDC-356D-4F2E-931B-5C49A83B522E}.Debug|Any CPU.ActiveCfg = Debug|Any CPU
		{484DFDDC-356D-4F2E-931B-5C49A83B522E}.Debug|Any CPU.Build.0 = Debug|Any CPU
		{484DFDDC-356D-4F2E-931B-5C49A83B522E}.Release|Any CPU.ActiveCfg = Release|Any CPU
		{484DFDDC-356D-4F2E-931B-5C49A83B522E}.Release|Any CPU.Build.0 = Release|Any CPU
		{072916DD-827C-4C4C-848F-3194A9C3BA81}.Debug|Any CPU.ActiveCfg = Debug|Any CPU
		{072916DD-827C-4C4C-848F-3194A9C3BA81}.Debug|Any CPU.Build.0 = Debug|Any CPU
		{072916DD-827C-4C4C-848F-3194A9C3BA81}.Release|Any CPU.ActiveCfg = Release|Any CPU
		{072916DD-827C-4C4C-848F-3194A9C3BA81}.Release|Any CPU.Build.0 = Release|Any CPU
		{77239C2A-089F-48E9-8E23-376B52B19A91}.Debug|Any CPU.ActiveCfg = Debug|Any CPU
		{77239C2A-089F-48E9-8E23-376B52B19A91}.Debug|Any CPU.Build.0 = Debug|Any CPU
		{77239C2A-089F-48E9-8E23-376B52B19A91}.Release|Any CPU.ActiveCfg = Release|Any CPU
		{77239C2A-089F-48E9-8E23-376B52B19A91}.Release|Any CPU.Build.0 = Release|Any CPU
		{59AF24EE-AF28-4982-A370-07E2CF93599A}.Debug|Any CPU.ActiveCfg = Debug|Any CPU
		{59AF24EE-AF28-4982-A370-07E2CF93599A}.Debug|Any CPU.Build.0 = Debug|Any CPU
		{59AF24EE-AF28-4982-A370-07E2CF93599A}.Release|Any CPU.ActiveCfg = Release|Any CPU
		{59AF24EE-AF28-4982-A370-07E2CF93599A}.Release|Any CPU.Build.0 = Release|Any CPU
		{C35FDAC3-722D-4399-BF08-1C0128456E11}.Debug|Any CPU.ActiveCfg = Debug|Any CPU
		{C35FDAC3-722D-4399-BF08-1C0128456E11}.Debug|Any CPU.Build.0 = Debug|Any CPU
		{C35FDAC3-722D-4399-BF08-1C0128456E11}.Release|Any CPU.ActiveCfg = Release|Any CPU
		{C35FDAC3-722D-4399-BF08-1C0128456E11}.Release|Any CPU.Build.0 = Release|Any CPU
		{10A2C989-8A5A-4D88-8A53-15A6B336FB0F}.Debug|Any CPU.ActiveCfg = Debug|Any CPU
		{10A2C989-8A5A-4D88-8A53-15A6B336FB0F}.Debug|Any CPU.Build.0 = Debug|Any CPU
		{10A2C989-8A5A-4D88-8A53-15A6B336FB0F}.Release|Any CPU.ActiveCfg = Release|Any CPU
		{10A2C989-8A5A-4D88-8A53-15A6B336FB0F}.Release|Any CPU.Build.0 = Release|Any CPU
		{2053C42A-4CB7-44E8-9310-20F0577231D7}.Debug|Any CPU.ActiveCfg = Debug|Any CPU
		{2053C42A-4CB7-44E8-9310-20F0577231D7}.Debug|Any CPU.Build.0 = Debug|Any CPU
		{2053C42A-4CB7-44E8-9310-20F0577231D7}.Release|Any CPU.ActiveCfg = Release|Any CPU
		{2053C42A-4CB7-44E8-9310-20F0577231D7}.Release|Any CPU.Build.0 = Release|Any CPU
		{EFC5F017-55BC-44F1-8307-5E4F69D62F4F}.Debug|Any CPU.ActiveCfg = Debug|Any CPU
		{EFC5F017-55BC-44F1-8307-5E4F69D62F4F}.Debug|Any CPU.Build.0 = Debug|Any CPU
		{EFC5F017-55BC-44F1-8307-5E4F69D62F4F}.Release|Any CPU.ActiveCfg = Release|Any CPU
		{EFC5F017-55BC-44F1-8307-5E4F69D62F4F}.Release|Any CPU.Build.0 = Release|Any CPU
		{8D1C6005-9EE0-4B04-976D-CC29660BBFD7}.Debug|Any CPU.ActiveCfg = Debug|Any CPU
		{8D1C6005-9EE0-4B04-976D-CC29660BBFD7}.Debug|Any CPU.Build.0 = Debug|Any CPU
		{8D1C6005-9EE0-4B04-976D-CC29660BBFD7}.Release|Any CPU.ActiveCfg = Release|Any CPU
		{8D1C6005-9EE0-4B04-976D-CC29660BBFD7}.Release|Any CPU.Build.0 = Release|Any CPU
		{4242B977-E20F-45DE-8988-6A426BBC6D44}.Debug|Any CPU.ActiveCfg = Debug|Any CPU
		{4242B977-E20F-45DE-8988-6A426BBC6D44}.Debug|Any CPU.Build.0 = Debug|Any CPU
		{4242B977-E20F-45DE-8988-6A426BBC6D44}.Debug|Any CPU.Deploy.0 = Debug|Any CPU
		{4242B977-E20F-45DE-8988-6A426BBC6D44}.Release|Any CPU.ActiveCfg = Release|Any CPU
		{4242B977-E20F-45DE-8988-6A426BBC6D44}.Release|Any CPU.Build.0 = Release|Any CPU
		{4242B977-E20F-45DE-8988-6A426BBC6D44}.Release|Any CPU.Deploy.0 = Release|Any CPU
		{996C213F-5E54-4B12-973F-324A36F9E09C}.Debug|Any CPU.ActiveCfg = Debug|Any CPU
		{996C213F-5E54-4B12-973F-324A36F9E09C}.Debug|Any CPU.Build.0 = Debug|Any CPU
		{996C213F-5E54-4B12-973F-324A36F9E09C}.Debug|Any CPU.Deploy.0 = Debug|Any CPU
		{996C213F-5E54-4B12-973F-324A36F9E09C}.Release|Any CPU.ActiveCfg = Release|Any CPU
		{996C213F-5E54-4B12-973F-324A36F9E09C}.Release|Any CPU.Build.0 = Release|Any CPU
		{996C213F-5E54-4B12-973F-324A36F9E09C}.Release|Any CPU.Deploy.0 = Release|Any CPU
		{7AAA4A3A-4325-422F-B53F-7C2B0838507A}.Debug|Any CPU.ActiveCfg = Debug|Any CPU
		{7AAA4A3A-4325-422F-B53F-7C2B0838507A}.Debug|Any CPU.Build.0 = Debug|Any CPU
		{7AAA4A3A-4325-422F-B53F-7C2B0838507A}.Debug|Any CPU.Deploy.0 = Debug|Any CPU
		{7AAA4A3A-4325-422F-B53F-7C2B0838507A}.Release|Any CPU.ActiveCfg = Release|Any CPU
		{7AAA4A3A-4325-422F-B53F-7C2B0838507A}.Release|Any CPU.Build.0 = Release|Any CPU
		{7AAA4A3A-4325-422F-B53F-7C2B0838507A}.Release|Any CPU.Deploy.0 = Release|Any CPU
	EndGlobalSection
	GlobalSection(SolutionProperties) = preSolution
		HideSolutionNode = FALSE
	EndGlobalSection
	GlobalSection(NestedProjects) = preSolution
		{808344C6-29E7-4795-A83E-DE77EE8CA2B6} = {9CDF7209-A848-45DF-A56A-D24F02B811A7}
		{54E467C2-BD60-43DE-8D71-72BF8A6600D9} = {9CDF7209-A848-45DF-A56A-D24F02B811A7}
		{2D25D520-C7D8-4752-A2CA-F8562272D85D} = {5D3E87FE-7E92-4ECE-B081-28BAA35C9570}
		{484DFDDC-356D-4F2E-931B-5C49A83B522E} = {5D3E87FE-7E92-4ECE-B081-28BAA35C9570}
		{072916DD-827C-4C4C-848F-3194A9C3BA81} = {5D3E87FE-7E92-4ECE-B081-28BAA35C9570}
		{77239C2A-089F-48E9-8E23-376B52B19A91} = {5D3E87FE-7E92-4ECE-B081-28BAA35C9570}
		{C35FDAC3-722D-4399-BF08-1C0128456E11} = {8F14F5D5-F43F-4981-8331-D8766A106AC4}
		{10A2C989-8A5A-4D88-8A53-15A6B336FB0F} = {4836A2DB-9766-4D1D-AE04-00EDAAAD6E3C}
		{2053C42A-4CB7-44E8-9310-20F0577231D7} = {4405263C-9447-45D1-ADEF-D428665F6647}
		{EFC5F017-55BC-44F1-8307-5E4F69D62F4F} = {4836A2DB-9766-4D1D-AE04-00EDAAAD6E3C}
		{8D1C6005-9EE0-4B04-976D-CC29660BBFD7} = {4836A2DB-9766-4D1D-AE04-00EDAAAD6E3C}
		{4242B977-E20F-45DE-8988-6A426BBC6D44} = {4405263C-9447-45D1-ADEF-D428665F6647}
		{996C213F-5E54-4B12-973F-324A36F9E09C} = {4836A2DB-9766-4D1D-AE04-00EDAAAD6E3C}
		{7AAA4A3A-4325-422F-B53F-7C2B0838507A} = {8F14F5D5-F43F-4981-8331-D8766A106AC4}
	EndGlobalSection
EndGlobal
